// !$*UTF8*$!
{
	archiveVersion = 1;
	classes = {
	};
	objectVersion = 46;
	objects = {

/* Begin PBXBuildFile section */
		650657461F38C67400F0C94A /* WebView.swift in Sources */ = {isa = PBXBuildFile; fileRef = 650657451F38C67400F0C94A /* WebView.swift */; };
		65221D061F38B6F000797F23 /* DataRecource.swift in Sources */ = {isa = PBXBuildFile; fileRef = 65221D051F38B6F000797F23 /* DataRecource.swift */; };
		659B7B231F365091001417A1 /* AppDelegate.swift in Sources */ = {isa = PBXBuildFile; fileRef = 659B7B221F365091001417A1 /* AppDelegate.swift */; };
		659B7B251F365091001417A1 /* ViewController.swift in Sources */ = {isa = PBXBuildFile; fileRef = 659B7B241F365091001417A1 /* ViewController.swift */; };
		659B7B281F365091001417A1 /* Main.storyboard in Resources */ = {isa = PBXBuildFile; fileRef = 659B7B261F365091001417A1 /* Main.storyboard */; };
		659B7B2A1F365091001417A1 /* Assets.xcassets in Resources */ = {isa = PBXBuildFile; fileRef = 659B7B291F365091001417A1 /* Assets.xcassets */; };
		659B7B2D1F365091001417A1 /* LaunchScreen.storyboard in Resources */ = {isa = PBXBuildFile; fileRef = 659B7B2B1F365091001417A1 /* LaunchScreen.storyboard */; };
		659B7B371F3653FB001417A1 /* GOTCell.swift in Sources */ = {isa = PBXBuildFile; fileRef = 659B7B361F3653FB001417A1 /* GOTCell.swift */; };
		659B7B391F3654F9001417A1 /* Charakter.swift in Sources */ = {isa = PBXBuildFile; fileRef = 659B7B381F3654F9001417A1 /* Charakter.swift */; };
/* End PBXBuildFile section */

/* Begin PBXFileReference section */
		650657451F38C67400F0C94A /* WebView.swift */ = {isa = PBXFileReference; fileEncoding = 4; lastKnownFileType = sourcecode.swift; path = WebView.swift; sourceTree = "<group>"; };
		65221D051F38B6F000797F23 /* DataRecource.swift */ = {isa = PBXFileReference; fileEncoding = 4; lastKnownFileType = sourcecode.swift; path = DataRecource.swift; sourceTree = "<group>"; };
		659B7B1F1F365091001417A1 /* GameOfThrones.app */ = {isa = PBXFileReference; explicitFileType = wrapper.application; includeInIndex = 0; path = GameOfThrones.app; sourceTree = BUILT_PRODUCTS_DIR; };
		659B7B221F365091001417A1 /* AppDelegate.swift */ = {isa = PBXFileReference; lastKnownFileType = sourcecode.swift; path = AppDelegate.swift; sourceTree = "<group>"; };
		659B7B241F365091001417A1 /* ViewController.swift */ = {isa = PBXFileReference; lastKnownFileType = sourcecode.swift; path = ViewController.swift; sourceTree = "<group>"; };
		659B7B271F365091001417A1 /* Base */ = {isa = PBXFileReference; lastKnownFileType = file.storyboard; name = Base; path = Base.lproj/Main.storyboard; sourceTree = "<group>"; };
		659B7B291F365091001417A1 /* Assets.xcassets */ = {isa = PBXFileReference; lastKnownFileType = folder.assetcatalog; path = Assets.xcassets; sourceTree = "<group>"; };
		659B7B2C1F365091001417A1 /* Base */ = {isa = PBXFileReference; lastKnownFileType = file.storyboard; name = Base; path = Base.lproj/LaunchScreen.storyboard; sourceTree = "<group>"; };
		659B7B2E1F365091001417A1 /* Info.plist */ = {isa = PBXFileReference; lastKnownFileType = text.plist.xml; path = Info.plist; sourceTree = "<group>"; };
		659B7B361F3653FB001417A1 /* GOTCell.swift */ = {isa = PBXFileReference; fileEncoding = 4; lastKnownFileType = sourcecode.swift; path = GOTCell.swift; sourceTree = "<group>"; };
		659B7B381F3654F9001417A1 /* Charakter.swift */ = {isa = PBXFileReference; fileEncoding = 4; lastKnownFileType = sourcecode.swift; path = Charakter.swift; sourceTree = "<group>"; };
/* End PBXFileReference section */

/* Begin PBXFrameworksBuildPhase section */
		659B7B1C1F365091001417A1 /* Frameworks */ = {
			isa = PBXFrameworksBuildPhase;
			buildActionMask = 2147483647;
			files = (
			);
			runOnlyForDeploymentPostprocessing = 0;
		};
/* End PBXFrameworksBuildPhase section */

/* Begin PBXGroup section */
		650657471F38CEB600F0C94A /* Controller */ = {
			isa = PBXGroup;
			children = (
				659B7B241F365091001417A1 /* ViewController.swift */,
				650657451F38C67400F0C94A /* WebView.swift */,
			);
			name = Controller;
			sourceTree = "<group>";
		};
		659B7B161F365091001417A1 = {
			isa = PBXGroup;
			children = (
				659B7B211F365091001417A1 /* GameOfThrones */,
				659B7B201F365091001417A1 /* Products */,
			);
			sourceTree = "<group>";
		};
		659B7B201F365091001417A1 /* Products */ = {
			isa = PBXGroup;
			children = (
				659B7B1F1F365091001417A1 /* GameOfThrones.app */,
			);
			name = Products;
			sourceTree = "<group>";
		};
		659B7B211F365091001417A1 /* GameOfThrones */ = {
			isa = PBXGroup;
			children = (
				659B7B341F3653C8001417A1 /* Model */,
				659B7B351F3653D1001417A1 /* View */,
				650657471F38CEB600F0C94A /* Controller */,
				659B7B261F365091001417A1 /* Main.storyboard */,
				659B7B221F365091001417A1 /* AppDelegate.swift */,
				659B7B291F365091001417A1 /* Assets.xcassets */,
				659B7B2B1F365091001417A1 /* LaunchScreen.storyboard */,
				659B7B2E1F365091001417A1 /* Info.plist */,
			);
			path = GameOfThrones;
			sourceTree = "<group>";
		};
		659B7B341F3653C8001417A1 /* Model */ = {
			isa = PBXGroup;
			children = (
				659B7B381F3654F9001417A1 /* Charakter.swift */,
				65221D051F38B6F000797F23 /* DataRecource.swift */,
			);
			name = Model;
			sourceTree = "<group>";
		};
		659B7B351F3653D1001417A1 /* View */ = {
			isa = PBXGroup;
			children = (
				659B7B361F3653FB001417A1 /* GOTCell.swift */,
			);
			name = View;
			sourceTree = "<group>";
		};
/* End PBXGroup section */

/* Begin PBXNativeTarget section */
		659B7B1E1F365091001417A1 /* GameOfThrones */ = {
			isa = PBXNativeTarget;
			buildConfigurationList = 659B7B311F365091001417A1 /* Build configuration list for PBXNativeTarget "GameOfThrones" */;
			buildPhases = (
				659B7B1B1F365091001417A1 /* Sources */,
				659B7B1C1F365091001417A1 /* Frameworks */,
				659B7B1D1F365091001417A1 /* Resources */,
			);
			buildRules = (
			);
			dependencies = (
			);
			name = GameOfThrones;
			productName = GameOfThrones;
			productReference = 659B7B1F1F365091001417A1 /* GameOfThrones.app */;
			productType = "com.apple.product-type.application";
		};
/* End PBXNativeTarget section */

/* Begin PBXProject section */
		659B7B171F365091001417A1 /* Project object */ = {
			isa = PBXProject;
			attributes = {
				LastSwiftUpdateCheck = 0830;
				LastUpgradeCheck = 0830;
				ORGANIZATIONNAME = "Daniel Reicher";
				TargetAttributes = {
					659B7B1E1F365091001417A1 = {
						CreatedOnToolsVersion = 8.3.3;
						DevelopmentTeam = 87T7CSYT4W;
						ProvisioningStyle = Automatic;
					};
				};
			};
			buildConfigurationList = 659B7B1A1F365091001417A1 /* Build configuration list for PBXProject "GameOfThrones" */;
			compatibilityVersion = "Xcode 3.2";
			developmentRegion = English;
			hasScannedForEncodings = 0;
			knownRegions = (
				en,
				Base,
			);
			mainGroup = 659B7B161F365091001417A1;
			productRefGroup = 659B7B201F365091001417A1 /* Products */;
			projectDirPath = "";
			projectRoot = "";
			targets = (
				659B7B1E1F365091001417A1 /* GameOfThrones */,
			);
		};
/* End PBXProject section */

/* Begin PBXResourcesBuildPhase section */
		659B7B1D1F365091001417A1 /* Resources */ = {
			isa = PBXResourcesBuildPhase;
			buildActionMask = 2147483647;
			files = (
				659B7B2D1F365091001417A1 /* LaunchScreen.storyboard in Resources */,
				659B7B2A1F365091001417A1 /* Assets.xcassets in Resources */,
				659B7B281F365091001417A1 /* Main.storyboard in Resources */,
			);
			runOnlyForDeploymentPostprocessing = 0;
		};
/* End PBXResourcesBuildPhase section */

/* Begin PBXSourcesBuildPhase section */
		659B7B1B1F365091001417A1 /* Sources */ = {
			isa = PBXSourcesBuildPhase;
			buildActionMask = 2147483647;
			files = (
				65221D061F38B6F000797F23 /* DataRecource.swift in Sources */,
				659B7B251F365091001417A1 /* ViewController.swift in Sources */,
				659B7B231F365091001417A1 /* AppDelegate.swift in Sources */,
				650657461F38C67400F0C94A /* WebView.swift in Sources */,
				659B7B371F3653FB001417A1 /* GOTCell.swift in Sources */,
				659B7B391F3654F9001417A1 /* Charakter.swift in Sources */,
			);
			runOnlyForDeploymentPostprocessing = 0;
		};
/* End PBXSourcesBuildPhase section */

/* Begin PBXVariantGroup section */
		659B7B261F365091001417A1 /* Main.storyboard */ = {
			isa = PBXVariantGroup;
			children = (
				659B7B271F365091001417A1 /* Base */,
			);
			name = Main.storyboard;
			sourceTree = "<group>";
		};
		659B7B2B1F365091001417A1 /* LaunchScreen.storyboard */ = {
			isa = PBXVariantGroup;
			children = (
				659B7B2C1F365091001417A1 /* Base */,
			);
			name = LaunchScreen.storyboard;
			sourceTree = "<group>";
		};
/* End PBXVariantGroup section */

/* Begin XCBuildConfiguration section */
		659B7B2F1F365091001417A1 /* Debug */ = {
			isa = XCBuildConfiguration;
			buildSettings = {
				ALWAYS_SEARCH_USER_PATHS = NO;
				CLANG_ANALYZER_NONNULL = YES;
				CLANG_ANALYZER_NUMBER_OBJECT_CONVERSION = YES_AGGRESSIVE;
				CLANG_CXX_LANGUAGE_STANDARD = "gnu++0x";
				CLANG_CXX_LIBRARY = "libc++";
				CLANG_ENABLE_MODULES = YES;
				CLANG_ENABLE_OBJC_ARC = YES;
				CLANG_WARN_BOOL_CONVERSION = YES;
				CLANG_WARN_CONSTANT_CONVERSION = YES;
				CLANG_WARN_DIRECT_OBJC_ISA_USAGE = YES_ERROR;
				CLANG_WARN_DOCUMENTATION_COMMENTS = YES;
				CLANG_WARN_EMPTY_BODY = YES;
				CLANG_WARN_ENUM_CONVERSION = YES;
				CLANG_WARN_INFINITE_RECURSION = YES;
				CLANG_WARN_INT_CONVERSION = YES;
				CLANG_WARN_OBJC_ROOT_CLASS = YES_ERROR;
				CLANG_WARN_SUSPICIOUS_MOVE = YES;
				CLANG_WARN_UNREACHABLE_CODE = YES;
				CLANG_WARN__DUPLICATE_METHOD_MATCH = YES;
				"CODE_SIGN_IDENTITY[sdk=iphoneos*]" = "iPhone Developer";
				COPY_PHASE_STRIP = NO;
				DEBUG_INFORMATION_FORMAT = dwarf;
				ENABLE_STRICT_OBJC_MSGSEND = YES;
				ENABLE_TESTABILITY = YES;
				GCC_C_LANGUAGE_STANDARD = gnu99;
				GCC_DYNAMIC_NO_PIC = NO;
				GCC_NO_COMMON_BLOCKS = YES;
				GCC_OPTIMIZATION_LEVEL = 0;
				GCC_PREPROCESSOR_DEFINITIONS = (
					"DEBUG=1",
					"$(inherited)",
				);
				GCC_WARN_64_TO_32_BIT_CONVERSION = YES;
				GCC_WARN_ABOUT_RETURN_TYPE = YES_ERROR;
				GCC_WARN_UNDECLARED_SELECTOR = YES;
				GCC_WARN_UNINITIALIZED_AUTOS = YES_AGGRESSIVE;
				GCC_WARN_UNUSED_FUNCTION = YES;
				GCC_WARN_UNUSED_VARIABLE = YES;
				IPHONEOS_DEPLOYMENT_TARGET = 10.3;
				MTL_ENABLE_DEBUG_INFO = YES;
				ONLY_ACTIVE_ARCH = YES;
				SDKROOT = iphoneos;
				SWIFT_ACTIVE_COMPILATION_CONDITIONS = DEBUG;
				SWIFT_OPTIMIZATION_LEVEL = "-Onone";
			};
			name = Debug;
		};
		659B7B301F365091001417A1 /* Release */ = {
			isa = XCBuildConfiguration;
			buildSettings = {
				ALWAYS_SEARCH_USER_PATHS = NO;
				CLANG_ANALYZER_NONNULL = YES;
				CLANG_ANALYZER_NUMBER_OBJECT_CONVERSION = YES_AGGRESSIVE;
				CLANG_CXX_LANGUAGE_STANDARD = "gnu++0x";
				CLANG_CXX_LIBRARY = "libc++";
				CLANG_ENABLE_MODULES = YES;
				CLANG_ENABLE_OBJC_ARC = YES;
				CLANG_WARN_BOOL_CONVERSION = YES;
				CLANG_WARN_CONSTANT_CONVERSION = YES;
				CLANG_WARN_DIRECT_OBJC_ISA_USAGE = YES_ERROR;
				CLANG_WARN_DOCUMENTATION_COMMENTS = YES;
				CLANG_WARN_EMPTY_BODY = YES;
				CLANG_WARN_ENUM_CONVERSION = YES;
				CLANG_WARN_INFINITE_RECURSION = YES;
				CLANG_WARN_INT_CONVERSION = YES;
				CLANG_WARN_OBJC_ROOT_CLASS = YES_ERROR;
				CLANG_WARN_SUSPICIOUS_MOVE = YES;
				CLANG_WARN_UNREACHABLE_CODE = YES;
				CLANG_WARN__DUPLICATE_METHOD_MATCH = YES;
				"CODE_SIGN_IDENTITY[sdk=iphoneos*]" = "iPhone Developer";
				COPY_PHASE_STRIP = NO;
				DEBUG_INFORMATION_FORMAT = "dwarf-with-dsym";
				ENABLE_NS_ASSERTIONS = NO;
				ENABLE_STRICT_OBJC_MSGSEND = YES;
				GCC_C_LANGUAGE_STANDARD = gnu99;
				GCC_NO_COMMON_BLOCKS = YES;
				GCC_WARN_64_TO_32_BIT_CONVERSION = YES;
				GCC_WARN_ABOUT_RETURN_TYPE = YES_ERROR;
				GCC_WARN_UNDECLARED_SELECTOR = YES;
				GCC_WARN_UNINITIALIZED_AUTOS = YES_AGGRESSIVE;
				GCC_WARN_UNUSED_FUNCTION = YES;
				GCC_WARN_UNUSED_VARIABLE = YES;
				IPHONEOS_DEPLOYMENT_TARGET = 10.3;
				MTL_ENABLE_DEBUG_INFO = NO;
				SDKROOT = iphoneos;
				SWIFT_OPTIMIZATION_LEVEL = "-Owholemodule";
				VALIDATE_PRODUCT = YES;
			};
			name = Release;
		};
		659B7B321F365091001417A1 /* Debug */ = {
			isa = XCBuildConfiguration;
			buildSettings = {
				ASSETCATALOG_COMPILER_APPICON_NAME = AppIcon;
				DEVELOPMENT_TEAM = 87T7CSYT4W;
				INFOPLIST_FILE = GameOfThrones/Info.plist;
				LD_RUNPATH_SEARCH_PATHS = "$(inherited) @executable_path/Frameworks";
				PRODUCT_BUNDLE_IDENTIFIER = Daniel.Reicher.GameOfThrones;
				PRODUCT_NAME = "$(TARGET_NAME)";
				SWIFT_VERSION = 3.0;
			};
			name = Debug;
		};
		659B7B331F365091001417A1 /* Release */ = {
			isa = XCBuildConfiguration;
			buildSettings = {
				ASSETCATALOG_COMPILER_APPICON_NAME = AppIcon;
				DEVELOPMENT_TEAM = 87T7CSYT4W;
				INFOPLIST_FILE = GameOfThrones/Info.plist;
				LD_RUNPATH_SEARCH_PATHS = "$(inherited) @executable_path/Frameworks";
				PRODUCT_BUNDLE_IDENTIFIER = Daniel.Reicher.GameOfThrones;
				PRODUCT_NAME = "$(TARGET_NAME)";
				SWIFT_VERSION = 3.0;
			};
			name = Release;
		};
/* End XCBuildConfiguration section */

/* Begin XCConfigurationList section */
		659B7B1A1F365091001417A1 /* Build configuration list for PBXProject "GameOfThrones" */ = {
			isa = XCConfigurationList;
			buildConfigurations = (
				659B7B2F1F365091001417A1 /* Debug */,
				659B7B301F365091001417A1 /* Release */,
			);
			defaultConfigurationIsVisible = 0;
			defaultConfigurationName = Release;
		};
		659B7B311F365091001417A1 /* Build configuration list for PBXNativeTarget "GameOfThrones" */ = {
			isa = XCConfigurationList;
			buildConfigurations = (
				659B7B321F365091001417A1 /* Debug */,
				659B7B331F365091001417A1 /* Release */,
			);
			defaultConfigurationIsVisible = 0;
			defaultConfigurationName = Release;
		};
/* End XCConfigurationList section */
	};
	rootObject = 659B7B171F365091001417A1 /* Project object */;
}
